github.com/gorilla/websocket v1.5.3 h1:saDtZ6Pbx/0u+bgYQ3q96pZgCzfhKXGPqt7kZ72aNNg=
github.com/gorilla/websocket v1.5.3/go.mod h1:YR8l580nyteQvAITg2hZ9XVh4b55+EU/adAjf1fMHhE=
mrogalski.eu/go/pulseaudio v0.0.0-20240327130323-384e01075e6e h1:SQSUCiMUx1MukBgCf+pYWTOCoV0Y2YbQ0y2vqBvCY50=
mrogalski.eu/go/pulseaudio v0.0.0-20240327130323-384e01075e6e/go.mod h1:C3V0v+gsiHHbMtFJvwozjNVdPJZw9oUxlRTVc619wSU=
